
Microsoft Visual Studio Solution File, Format Version 12.00
# Visual Studio Version 16
VisualStudioVersion = 16.0.31229.75
MinimumVisualStudioVersion = 10.0.40219.1
Project("{9A19103F-16F7-4668-BE54-9A1E7A4F7556}") = "Project_B_Restaurant_Greenhouse", "Project_B_Restaurant_Greenhouse.csproj", "{FF6BB3A6-5FC1-4C9E-8463-23FC8DE6CF5C}"
EndProject
Global
	GlobalSection(SolutionConfigurationPlatforms) = preSolution
		Debug|Any CPU = Debug|Any CPU
		Release|Any CPU = Release|Any CPU
	EndGlobalSection
	GlobalSection(ProjectConfigurationPlatforms) = postSolution
		{FF6BB3A6-5FC1-4C9E-8463-23FC8DE6CF5C}.Debug|Any CPU.ActiveCfg = Debug|Any CPU
		{FF6BB3A6-5FC1-4C9E-8463-23FC8DE6CF5C}.Debug|Any CPU.Build.0 = Debug|Any CPU
		{FF6BB3A6-5FC1-4C9E-8463-23FC8DE6CF5C}.Release|Any CPU.ActiveCfg = Release|Any CPU
		{FF6BB3A6-5FC1-4C9E-8463-23FC8DE6CF5C}.Release|Any CPU.Build.0 = Release|Any CPU
	EndGlobalSection
	GlobalSection(SolutionProperties) = preSolution
		HideSolutionNode = FALSE
	EndGlobalSection
	GlobalSection(ExtensibilityGlobals) = postSolution
		SolutionGuid = {790B459C-40BE-4673-805D-C3BBD1E081ED}
	EndGlobalSection
EndGlobal
